// !$*UTF8*$!
{
	archiveVersion = 1;
	classes = {
	};
	objectVersion = 50;
	objects = {

/* Begin PBXBuildFile section */
		65136FD021C541E20020AAA7 /* AppDelegate.swift in Sources */ = {isa = PBXBuildFile; fileRef = 65136FCF21C541E20020AAA7 /* AppDelegate.swift */; };
		65136FD221C541E20020AAA7 /* TopViewController.swift in Sources */ = {isa = PBXBuildFile; fileRef = 65136FD121C541E20020AAA7 /* TopViewController.swift */; };
		65136FD521C541E20020AAA7 /* Top.storyboard in Resources */ = {isa = PBXBuildFile; fileRef = 65136FD321C541E20020AAA7 /* Top.storyboard */; };
		65136FD721C541E40020AAA7 /* Assets.xcassets in Resources */ = {isa = PBXBuildFile; fileRef = 65136FD621C541E40020AAA7 /* Assets.xcassets */; };
		65136FDA21C541E40020AAA7 /* LaunchScreen.storyboard in Resources */ = {isa = PBXBuildFile; fileRef = 65136FD821C541E40020AAA7 /* LaunchScreen.storyboard */; };
		65136FE821C543AF0020AAA7 /* Top.swift in Sources */ = {isa = PBXBuildFile; fileRef = 65136FE721C543AF0020AAA7 /* Top.swift */; };
		65136FED21CA95240020AAA7 /* SegmentedControlViewController.swift in Sources */ = {isa = PBXBuildFile; fileRef = 65136FEC21CA95240020AAA7 /* SegmentedControlViewController.swift */; };
		65136FEF21CA968C0020AAA7 /* SegmentedControl.storyboard in Resources */ = {isa = PBXBuildFile; fileRef = 65136FEE21CA968C0020AAA7 /* SegmentedControl.storyboard */; };
		65F73AE921D130C8005C86CD /* FacebookLoginViewController.swift in Sources */ = {isa = PBXBuildFile; fileRef = 65F73AE821D130C8005C86CD /* FacebookLoginViewController.swift */; };
		65F73AEC21D13361005C86CD /* FacebookLogin.storyboard in Resources */ = {isa = PBXBuildFile; fileRef = 65F73AEB21D13361005C86CD /* FacebookLogin.storyboard */; };
		65F73B1B21D5D203005C86CD /* WKWebViewController.swift in Sources */ = {isa = PBXBuildFile; fileRef = 65F73B1A21D5D203005C86CD /* WKWebViewController.swift */; };
		65F73B1D21D5D2E2005C86CD /* WKWebView.storyboard in Resources */ = {isa = PBXBuildFile; fileRef = 65F73B1C21D5D2E2005C86CD /* WKWebView.storyboard */; };
		AAEE80C30235CCFEDFEBD118 /* Pods_SwiftSamples.framework in Frameworks */ = {isa = PBXBuildFile; fileRef = FCFADE24ACCC5A8AA439795A /* Pods_SwiftSamples.framework */; };
/* End PBXBuildFile section */

/* Begin PBXFileReference section */
		65136FCC21C541E20020AAA7 /* SwiftSamples.app */ = {isa = PBXFileReference; explicitFileType = wrapper.application; includeInIndex = 0; path = SwiftSamples.app; sourceTree = BUILT_PRODUCTS_DIR; };
		65136FCF21C541E20020AAA7 /* AppDelegate.swift */ = {isa = PBXFileReference; lastKnownFileType = sourcecode.swift; path = AppDelegate.swift; sourceTree = "<group>"; };
		65136FD121C541E20020AAA7 /* TopViewController.swift */ = {isa = PBXFileReference; lastKnownFileType = sourcecode.swift; path = TopViewController.swift; sourceTree = "<group>"; };
		65136FD421C541E20020AAA7 /* Base */ = {isa = PBXFileReference; lastKnownFileType = file.storyboard; name = Base; path = Base.lproj/Top.storyboard; sourceTree = "<group>"; };
		65136FD621C541E40020AAA7 /* Assets.xcassets */ = {isa = PBXFileReference; lastKnownFileType = folder.assetcatalog; path = Assets.xcassets; sourceTree = "<group>"; };
		65136FD921C541E40020AAA7 /* Base */ = {isa = PBXFileReference; lastKnownFileType = file.storyboard; name = Base; path = Base.lproj/LaunchScreen.storyboard; sourceTree = "<group>"; };
		65136FDB21C541E40020AAA7 /* Info.plist */ = {isa = PBXFileReference; lastKnownFileType = text.plist.xml; path = Info.plist; sourceTree = "<group>"; };
		65136FE721C543AF0020AAA7 /* Top.swift */ = {isa = PBXFileReference; lastKnownFileType = sourcecode.swift; path = Top.swift; sourceTree = "<group>"; };
		65136FEC21CA95240020AAA7 /* SegmentedControlViewController.swift */ = {isa = PBXFileReference; lastKnownFileType = sourcecode.swift; path = SegmentedControlViewController.swift; sourceTree = "<group>"; };
		65136FEE21CA968C0020AAA7 /* SegmentedControl.storyboard */ = {isa = PBXFileReference; lastKnownFileType = file.storyboard; path = SegmentedControl.storyboard; sourceTree = "<group>"; };
		65F73AE121D12CD6005C86CD /* FBSDKCoreKit.framework */ = {isa = PBXFileReference; lastKnownFileType = wrapper.framework; name = FBSDKCoreKit.framework; path = "SDK/FacebookSDKs-iOS-4/FBSDKCoreKit.framework"; sourceTree = "<group>"; };
		65F73AE221D12CD6005C86CD /* FBSDKLoginKit.framework */ = {isa = PBXFileReference; lastKnownFileType = wrapper.framework; name = FBSDKLoginKit.framework; path = "SDK/FacebookSDKs-iOS-4/FBSDKLoginKit.framework"; sourceTree = "<group>"; };
		65F73AE821D130C8005C86CD /* FacebookLoginViewController.swift */ = {isa = PBXFileReference; lastKnownFileType = sourcecode.swift; path = FacebookLoginViewController.swift; sourceTree = "<group>"; };
		65F73AEA21D131C6005C86CD /* SwiftSamples.entitlements */ = {isa = PBXFileReference; lastKnownFileType = text.plist.entitlements; path = SwiftSamples.entitlements; sourceTree = "<group>"; };
		65F73AEB21D13361005C86CD /* FacebookLogin.storyboard */ = {isa = PBXFileReference; lastKnownFileType = file.storyboard; path = FacebookLogin.storyboard; sourceTree = "<group>"; };
		65F73B1A21D5D203005C86CD /* WKWebViewController.swift */ = {isa = PBXFileReference; lastKnownFileType = sourcecode.swift; path = WKWebViewController.swift; sourceTree = "<group>"; };
		65F73B1C21D5D2E2005C86CD /* WKWebView.storyboard */ = {isa = PBXFileReference; lastKnownFileType = file.storyboard; path = WKWebView.storyboard; sourceTree = "<group>"; };
		7E2900524D657F4D11ABD069 /* Pods-SwiftSamples.debug.xcconfig */ = {isa = PBXFileReference; includeInIndex = 1; lastKnownFileType = text.xcconfig; name = "Pods-SwiftSamples.debug.xcconfig"; path = "Pods/Target Support Files/Pods-SwiftSamples/Pods-SwiftSamples.debug.xcconfig"; sourceTree = "<group>"; };
		BD29DE3CC10A7C11B5F18448 /* Pods-SwiftSamples.release.xcconfig */ = {isa = PBXFileReference; includeInIndex = 1; lastKnownFileType = text.xcconfig; name = "Pods-SwiftSamples.release.xcconfig"; path = "Pods/Target Support Files/Pods-SwiftSamples/Pods-SwiftSamples.release.xcconfig"; sourceTree = "<group>"; };
		FCFADE24ACCC5A8AA439795A /* Pods_SwiftSamples.framework */ = {isa = PBXFileReference; explicitFileType = wrapper.framework; includeInIndex = 0; path = Pods_SwiftSamples.framework; sourceTree = BUILT_PRODUCTS_DIR; };
/* End PBXFileReference section */

/* Begin PBXFrameworksBuildPhase section */
		65136FC921C541E20020AAA7 /* Frameworks */ = {
			isa = PBXFrameworksBuildPhase;
			buildActionMask = 2147483647;
			files = (
				AAEE80C30235CCFEDFEBD118 /* Pods_SwiftSamples.framework in Frameworks */,
			);
			runOnlyForDeploymentPostprocessing = 0;
		};
/* End PBXFrameworksBuildPhase section */

/* Begin PBXGroup section */
		65136FC321C541E20020AAA7 = {
			isa = PBXGroup;
			children = (
				65136FCE21C541E20020AAA7 /* SwiftSamples */,
				65136FCD21C541E20020AAA7 /* Products */,
				65F73AE021D12CD6005C86CD /* Frameworks */,
				9FC3852C98657C0BF4F9BDA8 /* Pods */,
			);
			sourceTree = "<group>";
		};
		65136FCD21C541E20020AAA7 /* Products */ = {
			isa = PBXGroup;
			children = (
				65136FCC21C541E20020AAA7 /* SwiftSamples.app */,
			);
			name = Products;
			sourceTree = "<group>";
		};
		65136FCE21C541E20020AAA7 /* SwiftSamples */ = {
			isa = PBXGroup;
			children = (
				65F73AEA21D131C6005C86CD /* SwiftSamples.entitlements */,
				65136FDB21C541E40020AAA7 /* Info.plist */,
				65136FCF21C541E20020AAA7 /* AppDelegate.swift */,
				65136FD621C541E40020AAA7 /* Assets.xcassets */,
				65F73AE721D130A9005C86CD /* FacebookLogin */,
				65136FD821C541E40020AAA7 /* LaunchScreen.storyboard */,
				65136FEA21CA94CA0020AAA7 /* SegmentedControl */,
				65136FE921CA947B0020AAA7 /* Top */,
				65F73B1821D5D19E005C86CD /* WKWebView */,
			);
			path = SwiftSamples;
			sourceTree = "<group>";
		};
		65136FE121C5428B0020AAA7 /* ViewControllers */ = {
			isa = PBXGroup;
			children = (
				65136FD121C541E20020AAA7 /* TopViewController.swift */,
				65136FD321C541E20020AAA7 /* Top.storyboard */,
			);
			path = ViewControllers;
			sourceTree = "<group>";
		};
		65136FE421C542C30020AAA7 /* Models */ = {
			isa = PBXGroup;
			children = (
				65136FE721C543AF0020AAA7 /* Top.swift */,
			);
			path = Models;
			sourceTree = "<group>";
		};
		65136FE921CA947B0020AAA7 /* Top */ = {
			isa = PBXGroup;
			children = (
				65136FE421C542C30020AAA7 /* Models */,
				65136FE121C5428B0020AAA7 /* ViewControllers */,
			);
			path = Top;
			sourceTree = "<group>";
		};
		65136FEA21CA94CA0020AAA7 /* SegmentedControl */ = {
			isa = PBXGroup;
			children = (
				65136FEB21CA95000020AAA7 /* ViewControllers */,
			);
			path = SegmentedControl;
			sourceTree = "<group>";
		};
		65136FEB21CA95000020AAA7 /* ViewControllers */ = {
			isa = PBXGroup;
			children = (
				65136FEC21CA95240020AAA7 /* SegmentedControlViewController.swift */,
				65136FEE21CA968C0020AAA7 /* SegmentedControl.storyboard */,
			);
			path = ViewControllers;
			sourceTree = "<group>";
		};
		65F73AE021D12CD6005C86CD /* Frameworks */ = {
			isa = PBXGroup;
			children = (
				65F73AE121D12CD6005C86CD /* FBSDKCoreKit.framework */,
				65F73AE221D12CD6005C86CD /* FBSDKLoginKit.framework */,
				FCFADE24ACCC5A8AA439795A /* Pods_SwiftSamples.framework */,
			);
			name = Frameworks;
			sourceTree = "<group>";
		};
		65F73AE721D130A9005C86CD /* FacebookLogin */ = {
			isa = PBXGroup;
			children = (
				65F73AED21D133A0005C86CD /* ViewControllers */,
			);
			path = FacebookLogin;
			sourceTree = "<group>";
		};
		65F73AED21D133A0005C86CD /* ViewControllers */ = {
			isa = PBXGroup;
			children = (
				65F73AE821D130C8005C86CD /* FacebookLoginViewController.swift */,
				65F73AEB21D13361005C86CD /* FacebookLogin.storyboard */,
			);
			path = ViewControllers;
			sourceTree = "<group>";
		};
		65F73B1821D5D19E005C86CD /* WKWebView */ = {
			isa = PBXGroup;
			children = (
				65F73B1921D5D1C4005C86CD /* ViewControllers */,
			);
			path = WKWebView;
			sourceTree = "<group>";
		};
		65F73B1921D5D1C4005C86CD /* ViewControllers */ = {
			isa = PBXGroup;
			children = (
				65F73B1A21D5D203005C86CD /* WKWebViewController.swift */,
				65F73B1C21D5D2E2005C86CD /* WKWebView.storyboard */,
			);
			path = ViewControllers;
			sourceTree = "<group>";
		};
		9FC3852C98657C0BF4F9BDA8 /* Pods */ = {
			isa = PBXGroup;
			children = (
				7E2900524D657F4D11ABD069 /* Pods-SwiftSamples.debug.xcconfig */,
				BD29DE3CC10A7C11B5F18448 /* Pods-SwiftSamples.release.xcconfig */,
			);
			name = Pods;
			sourceTree = "<group>";
		};
/* End PBXGroup section */

/* Begin PBXNativeTarget section */
		65136FCB21C541E20020AAA7 /* SwiftSamples */ = {
			isa = PBXNativeTarget;
			buildConfigurationList = 65136FDE21C541E40020AAA7 /* Build configuration list for PBXNativeTarget "SwiftSamples" */;
			buildPhases = (
				91F9A286E8FE6CEDCD503565 /* [CP] Check Pods Manifest.lock */,
				65136FC821C541E20020AAA7 /* Sources */,
				65136FC921C541E20020AAA7 /* Frameworks */,
				65136FCA21C541E20020AAA7 /* Resources */,
				3FE8D8690D92A9AA68068D68 /* [CP] Embed Pods Frameworks */,
			);
			buildRules = (
			);
			dependencies = (
			);
			name = SwiftSamples;
			productName = SwiftSamples;
			productReference = 65136FCC21C541E20020AAA7 /* SwiftSamples.app */;
			productType = "com.apple.product-type.application";
		};
/* End PBXNativeTarget section */

/* Begin PBXProject section */
		65136FC421C541E20020AAA7 /* Project object */ = {
			isa = PBXProject;
			attributes = {
				LastSwiftUpdateCheck = 1010;
				LastUpgradeCheck = 1010;
				ORGANIZATIONNAME = "Tsukasa Hasegawa";
				TargetAttributes = {
					65136FCB21C541E20020AAA7 = {
						CreatedOnToolsVersion = 10.1;
						SystemCapabilities = {
							com.apple.Keychain = {
								enabled = 1;
							};
						};
					};
				};
			};
			buildConfigurationList = 65136FC721C541E20020AAA7 /* Build configuration list for PBXProject "SwiftSamples" */;
			compatibilityVersion = "Xcode 9.3";
			developmentRegion = en;
			hasScannedForEncodings = 0;
			knownRegions = (
				en,
				Base,
			);
			mainGroup = 65136FC321C541E20020AAA7;
			productRefGroup = 65136FCD21C541E20020AAA7 /* Products */;
			projectDirPath = "";
			projectRoot = "";
			targets = (
				65136FCB21C541E20020AAA7 /* SwiftSamples */,
			);
		};
/* End PBXProject section */

/* Begin PBXResourcesBuildPhase section */
		65136FCA21C541E20020AAA7 /* Resources */ = {
			isa = PBXResourcesBuildPhase;
			buildActionMask = 2147483647;
			files = (
				65136FDA21C541E40020AAA7 /* LaunchScreen.storyboard in Resources */,
				65F73AEC21D13361005C86CD /* FacebookLogin.storyboard in Resources */,
				65136FD721C541E40020AAA7 /* Assets.xcassets in Resources */,
				65136FD521C541E20020AAA7 /* Top.storyboard in Resources */,
				65F73B1D21D5D2E2005C86CD /* WKWebView.storyboard in Resources */,
				65136FEF21CA968C0020AAA7 /* SegmentedControl.storyboard in Resources */,
			);
			runOnlyForDeploymentPostprocessing = 0;
		};
/* End PBXResourcesBuildPhase section */

/* Begin PBXShellScriptBuildPhase section */
		3FE8D8690D92A9AA68068D68 /* [CP] Embed Pods Frameworks */ = {
			isa = PBXShellScriptBuildPhase;
			buildActionMask = 2147483647;
			files = (
			);
			inputPaths = (
				"${SRCROOT}/Pods/Target Support Files/Pods-SwiftSamples/Pods-SwiftSamples-frameworks.sh",
				"${BUILT_PRODUCTS_DIR}/Bolts/Bolts.framework",
				"${BUILT_PRODUCTS_DIR}/FBSDKCoreKit/FBSDKCoreKit.framework",
				"${BUILT_PRODUCTS_DIR}/FBSDKLoginKit/FBSDKLoginKit.framework",
			);
			name = "[CP] Embed Pods Frameworks";
			outputPaths = (
				"${TARGET_BUILD_DIR}/${FRAMEWORKS_FOLDER_PATH}/Bolts.framework",
				"${TARGET_BUILD_DIR}/${FRAMEWORKS_FOLDER_PATH}/FBSDKCoreKit.framework",
				"${TARGET_BUILD_DIR}/${FRAMEWORKS_FOLDER_PATH}/FBSDKLoginKit.framework",
			);
			runOnlyForDeploymentPostprocessing = 0;
			shellPath = /bin/sh;
			shellScript = "\"${SRCROOT}/Pods/Target Support Files/Pods-SwiftSamples/Pods-SwiftSamples-frameworks.sh\"\n";
			showEnvVarsInLog = 0;
		};
		91F9A286E8FE6CEDCD503565 /* [CP] Check Pods Manifest.lock */ = {
			isa = PBXShellScriptBuildPhase;
			buildActionMask = 2147483647;
			files = (
			);
			inputPaths = (
				"${PODS_PODFILE_DIR_PATH}/Podfile.lock",
				"${PODS_ROOT}/Manifest.lock",
			);
			name = "[CP] Check Pods Manifest.lock";
			outputPaths = (
				"$(DERIVED_FILE_DIR)/Pods-SwiftSamples-checkManifestLockResult.txt",
			);
			runOnlyForDeploymentPostprocessing = 0;
			shellPath = /bin/sh;
			shellScript = "diff \"${PODS_PODFILE_DIR_PATH}/Podfile.lock\" \"${PODS_ROOT}/Manifest.lock\" > /dev/null\nif [ $? != 0 ] ; then\n    # print error to STDERR\n    echo \"error: The sandbox is not in sync with the Podfile.lock. Run 'pod install' or update your CocoaPods installation.\" >&2\n    exit 1\nfi\n# This output is used by Xcode 'outputs' to avoid re-running this script phase.\necho \"SUCCESS\" > \"${SCRIPT_OUTPUT_FILE_0}\"\n";
			showEnvVarsInLog = 0;
		};
/* End PBXShellScriptBuildPhase section */

/* Begin PBXSourcesBuildPhase section */
		65136FC821C541E20020AAA7 /* Sources */ = {
			isa = PBXSourcesBuildPhase;
			buildActionMask = 2147483647;
			files = (
				65136FE821C543AF0020AAA7 /* Top.swift in Sources */,
				65F73B1B21D5D203005C86CD /* WKWebViewController.swift in Sources */,
				65136FD221C541E20020AAA7 /* TopViewController.swift in Sources */,
				65F73AE921D130C8005C86CD /* FacebookLoginViewController.swift in Sources */,
				65136FD021C541E20020AAA7 /* AppDelegate.swift in Sources */,
				65136FED21CA95240020AAA7 /* SegmentedControlViewController.swift in Sources */,
			);
			runOnlyForDeploymentPostprocessing = 0;
		};
/* End PBXSourcesBuildPhase section */

/* Begin PBXVariantGroup section */
		65136FD321C541E20020AAA7 /* Top.storyboard */ = {
			isa = PBXVariantGroup;
			children = (
				65136FD421C541E20020AAA7 /* Base */,
			);
			name = Top.storyboard;
			sourceTree = "<group>";
		};
		65136FD821C541E40020AAA7 /* LaunchScreen.storyboard */ = {
			isa = PBXVariantGroup;
			children = (
				65136FD921C541E40020AAA7 /* Base */,
			);
			name = LaunchScreen.storyboard;
			sourceTree = "<group>";
		};
/* End PBXVariantGroup section */

/* Begin XCBuildConfiguration section */
		65136FDC21C541E40020AAA7 /* Debug */ = {
			isa = XCBuildConfiguration;
			buildSettings = {
				ALWAYS_SEARCH_USER_PATHS = NO;
				CLANG_ANALYZER_NONNULL = YES;
				CLANG_ANALYZER_NUMBER_OBJECT_CONVERSION = YES_AGGRESSIVE;
				CLANG_CXX_LANGUAGE_STANDARD = "gnu++14";
				CLANG_CXX_LIBRARY = "libc++";
				CLANG_ENABLE_MODULES = YES;
				CLANG_ENABLE_OBJC_ARC = YES;
				CLANG_ENABLE_OBJC_WEAK = YES;
				CLANG_WARN_BLOCK_CAPTURE_AUTORELEASING = YES;
				CLANG_WARN_BOOL_CONVERSION = YES;
				CLANG_WARN_COMMA = YES;
				CLANG_WARN_CONSTANT_CONVERSION = YES;
				CLANG_WARN_DEPRECATED_OBJC_IMPLEMENTATIONS = YES;
				CLANG_WARN_DIRECT_OBJC_ISA_USAGE = YES_ERROR;
				CLANG_WARN_DOCUMENTATION_COMMENTS = YES;
				CLANG_WARN_EMPTY_BODY = YES;
				CLANG_WARN_ENUM_CONVERSION = YES;
				CLANG_WARN_INFINITE_RECURSION = YES;
				CLANG_WARN_INT_CONVERSION = YES;
				CLANG_WARN_NON_LITERAL_NULL_CONVERSION = YES;
				CLANG_WARN_OBJC_IMPLICIT_RETAIN_SELF = YES;
				CLANG_WARN_OBJC_LITERAL_CONVERSION = YES;
				CLANG_WARN_OBJC_ROOT_CLASS = YES_ERROR;
				CLANG_WARN_RANGE_LOOP_ANALYSIS = YES;
				CLANG_WARN_STRICT_PROTOTYPES = YES;
				CLANG_WARN_SUSPICIOUS_MOVE = YES;
				CLANG_WARN_UNGUARDED_AVAILABILITY = YES_AGGRESSIVE;
				CLANG_WARN_UNREACHABLE_CODE = YES;
				CLANG_WARN__DUPLICATE_METHOD_MATCH = YES;
				CODE_SIGN_IDENTITY = "iPhone Developer";
				COPY_PHASE_STRIP = NO;
				DEBUG_INFORMATION_FORMAT = dwarf;
				ENABLE_STRICT_OBJC_MSGSEND = YES;
				ENABLE_TESTABILITY = YES;
				GCC_C_LANGUAGE_STANDARD = gnu11;
				GCC_DYNAMIC_NO_PIC = NO;
				GCC_NO_COMMON_BLOCKS = YES;
				GCC_OPTIMIZATION_LEVEL = 0;
				GCC_PREPROCESSOR_DEFINITIONS = (
					"DEBUG=1",
					"$(inherited)",
				);
				GCC_WARN_64_TO_32_BIT_CONVERSION = YES;
				GCC_WARN_ABOUT_RETURN_TYPE = YES_ERROR;
				GCC_WARN_UNDECLARED_SELECTOR = YES;
				GCC_WARN_UNINITIALIZED_AUTOS = YES_AGGRESSIVE;
				GCC_WARN_UNUSED_FUNCTION = YES;
				GCC_WARN_UNUSED_VARIABLE = YES;
				IPHONEOS_DEPLOYMENT_TARGET = 12.1;
				MTL_ENABLE_DEBUG_INFO = INCLUDE_SOURCE;
				MTL_FAST_MATH = YES;
				ONLY_ACTIVE_ARCH = YES;
				SDKROOT = iphoneos;
				SWIFT_ACTIVE_COMPILATION_CONDITIONS = DEBUG;
				SWIFT_OPTIMIZATION_LEVEL = "-Onone";
			};
			name = Debug;
		};
		65136FDD21C541E40020AAA7 /* Release */ = {
			isa = XCBuildConfiguration;
			buildSettings = {
				ALWAYS_SEARCH_USER_PATHS = NO;
				CLANG_ANALYZER_NONNULL = YES;
				CLANG_ANALYZER_NUMBER_OBJECT_CONVERSION = YES_AGGRESSIVE;
				CLANG_CXX_LANGUAGE_STANDARD = "gnu++14";
				CLANG_CXX_LIBRARY = "libc++";
				CLANG_ENABLE_MODULES = YES;
				CLANG_ENABLE_OBJC_ARC = YES;
				CLANG_ENABLE_OBJC_WEAK = YES;
				CLANG_WARN_BLOCK_CAPTURE_AUTORELEASING = YES;
				CLANG_WARN_BOOL_CONVERSION = YES;
				CLANG_WARN_COMMA = YES;
				CLANG_WARN_CONSTANT_CONVERSION = YES;
				CLANG_WARN_DEPRECATED_OBJC_IMPLEMENTATIONS = YES;
				CLANG_WARN_DIRECT_OBJC_ISA_USAGE = YES_ERROR;
				CLANG_WARN_DOCUMENTATION_COMMENTS = YES;
				CLANG_WARN_EMPTY_BODY = YES;
				CLANG_WARN_ENUM_CONVERSION = YES;
				CLANG_WARN_INFINITE_RECURSION = YES;
				CLANG_WARN_INT_CONVERSION = YES;
				CLANG_WARN_NON_LITERAL_NULL_CONVERSION = YES;
				CLANG_WARN_OBJC_IMPLICIT_RETAIN_SELF = YES;
				CLANG_WARN_OBJC_LITERAL_CONVERSION = YES;
				CLANG_WARN_OBJC_ROOT_CLASS = YES_ERROR;
				CLANG_WARN_RANGE_LOOP_ANALYSIS = YES;
				CLANG_WARN_STRICT_PROTOTYPES = YES;
				CLANG_WARN_SUSPICIOUS_MOVE = YES;
				CLANG_WARN_UNGUARDED_AVAILABILITY = YES_AGGRESSIVE;
				CLANG_WARN_UNREACHABLE_CODE = YES;
				CLANG_WARN__DUPLICATE_METHOD_MATCH = YES;
				CODE_SIGN_IDENTITY = "iPhone Developer";
				COPY_PHASE_STRIP = NO;
				DEBUG_INFORMATION_FORMAT = "dwarf-with-dsym";
				ENABLE_NS_ASSERTIONS = NO;
				ENABLE_STRICT_OBJC_MSGSEND = YES;
				GCC_C_LANGUAGE_STANDARD = gnu11;
				GCC_NO_COMMON_BLOCKS = YES;
				GCC_WARN_64_TO_32_BIT_CONVERSION = YES;
				GCC_WARN_ABOUT_RETURN_TYPE = YES_ERROR;
				GCC_WARN_UNDECLARED_SELECTOR = YES;
				GCC_WARN_UNINITIALIZED_AUTOS = YES_AGGRESSIVE;
				GCC_WARN_UNUSED_FUNCTION = YES;
				GCC_WARN_UNUSED_VARIABLE = YES;
				IPHONEOS_DEPLOYMENT_TARGET = 12.1;
				MTL_ENABLE_DEBUG_INFO = NO;
				MTL_FAST_MATH = YES;
				SDKROOT = iphoneos;
				SWIFT_COMPILATION_MODE = wholemodule;
				SWIFT_OPTIMIZATION_LEVEL = "-O";
				VALIDATE_PRODUCT = YES;
			};
			name = Release;
		};
		65136FDF21C541E40020AAA7 /* Debug */ = {
			isa = XCBuildConfiguration;
			baseConfigurationReference = 7E2900524D657F4D11ABD069 /* Pods-SwiftSamples.debug.xcconfig */;
			buildSettings = {
				ASSETCATALOG_COMPILER_APPICON_NAME = AppIcon;
				CODE_SIGN_ENTITLEMENTS = SwiftSamples/SwiftSamples.entitlements;
				CODE_SIGN_STYLE = Automatic;
				DEVELOPMENT_TEAM = RCS68E6BG6;
				FRAMEWORK_SEARCH_PATHS = (
					"$(inherited)",
					"$(PROJECT_DIR)/SDK/FacebookSDKs-iOS-4",
				);
				INFOPLIST_FILE = SwiftSamples/Info.plist;
				LD_RUNPATH_SEARCH_PATHS = (
					"$(inherited)",
					"@executable_path/Frameworks",
				);
				OTHER_LDFLAGS = "";
				PRODUCT_BUNDLE_IDENTIFIER = com.tsukasa.SwiftSamples;
				PRODUCT_NAME = "$(TARGET_NAME)";
				SWIFT_VERSION = 4.2;
				TARGETED_DEVICE_FAMILY = "1,2";
			};
			name = Debug;
		};
		65136FE021C541E40020AAA7 /* Release */ = {
			isa = XCBuildConfiguration;
			baseConfigurationReference = BD29DE3CC10A7C11B5F18448 /* Pods-SwiftSamples.release.xcconfig */;
			buildSettings = {
				ASSETCATALOG_COMPILER_APPICON_NAME = AppIcon;
				CODE_SIGN_ENTITLEMENTS = SwiftSamples/SwiftSamples.entitlements;
				CODE_SIGN_STYLE = Automatic;
				DEVELOPMENT_TEAM = RCS68E6BG6;
				FRAMEWORK_SEARCH_PATHS = (
					"$(inherited)",
					"$(PROJECT_DIR)/SDK/FacebookSDKs-iOS-4",
				);
				INFOPLIST_FILE = SwiftSamples/Info.plist;
				LD_RUNPATH_SEARCH_PATHS = (
					"$(inherited)",
					"@executable_path/Frameworks",
				);
				OTHER_LDFLAGS = "";
				PRODUCT_BUNDLE_IDENTIFIER = com.tsukasa.SwiftSamples;
				PRODUCT_NAME = "$(TARGET_NAME)";
				SWIFT_VERSION = 4.2;
				TARGETED_DEVICE_FAMILY = "1,2";
			};
			name = Release;
		};
/* End XCBuildConfiguration section */

/* Begin XCConfigurationList section */
		65136FC721C541E20020AAA7 /* Build configuration list for PBXProject "SwiftSamples" */ = {
			isa = XCConfigurationList;
			buildConfigurations = (
				65136FDC21C541E40020AAA7 /* Debug */,
				65136FDD21C541E40020AAA7 /* Release */,
			);
			defaultConfigurationIsVisible = 0;
			defaultConfigurationName = Release;
		};
		65136FDE21C541E40020AAA7 /* Build configuration list for PBXNativeTarget "SwiftSamples" */ = {
			isa = XCConfigurationList;
			buildConfigurations = (
				65136FDF21C541E40020AAA7 /* Debug */,
				65136FE021C541E40020AAA7 /* Release */,
			);
			defaultConfigurationIsVisible = 0;
			defaultConfigurationName = Release;
		};
/* End XCConfigurationList section */
	};
	rootObject = 65136FC421C541E20020AAA7 /* Project object */;
}
