// !$*UTF8*$!
{
	archiveVersion = 1;
	classes = {
	};
	objectVersion = 50;
	objects = {

/* Begin PBXBuildFile section */
		65136FD021C541E20020AAA7 /* AppDelegate.swift in Sources */ = {isa = PBXBuildFile; fileRef = 65136FCF21C541E20020AAA7 /* AppDelegate.swift */; };
		65136FD221C541E20020AAA7 /* TopViewController.swift in Sources */ = {isa = PBXBuildFile; fileRef = 65136FD121C541E20020AAA7 /* TopViewController.swift */; };
		65136FD521C541E20020AAA7 /* Top.storyboard in Resources */ = {isa = PBXBuildFile; fileRef = 65136FD321C541E20020AAA7 /* Top.storyboard */; };
		65136FD721C541E40020AAA7 /* Assets.xcassets in Resources */ = {isa = PBXBuildFile; fileRef = 65136FD621C541E40020AAA7 /* Assets.xcassets */; };
		65136FDA21C541E40020AAA7 /* LaunchScreen.storyboard in Resources */ = {isa = PBXBuildFile; fileRef = 65136FD821C541E40020AAA7 /* LaunchScreen.storyboard */; };
		65136FE821C543AF0020AAA7 /* Top.swift in Sources */ = {isa = PBXBuildFile; fileRef = 65136FE721C543AF0020AAA7 /* Top.swift */; };
		65136FED21CA95240020AAA7 /* SegmentedControlViewController.swift in Sources */ = {isa = PBXBuildFile; fileRef = 65136FEC21CA95240020AAA7 /* SegmentedControlViewController.swift */; };
		65136FEF21CA968C0020AAA7 /* SegmentedControl.storyboard in Resources */ = {isa = PBXBuildFile; fileRef = 65136FEE21CA968C0020AAA7 /* SegmentedControl.storyboard */; };
		655B1A8E21D7D3A1000CADBD /* PickerTextFieldViewController.swift in Sources */ = {isa = PBXBuildFile; fileRef = 655B1A8D21D7D3A1000CADBD /* PickerTextFieldViewController.swift */; };
		655B1A9021D7D3F1000CADBD /* PickerTextField.storyboard in Resources */ = {isa = PBXBuildFile; fileRef = 655B1A8F21D7D3F1000CADBD /* PickerTextField.storyboard */; };
		655B1A9621D7DA3B000CADBD /* BirthMonth.swift in Sources */ = {isa = PBXBuildFile; fileRef = 655B1A9521D7DA3B000CADBD /* BirthMonth.swift */; };
		655B1A9A21D8ACD8000CADBD /* ScrollableTextField.swift in Sources */ = {isa = PBXBuildFile; fileRef = 655B1A9921D8ACD8000CADBD /* ScrollableTextField.swift */; };
		655B1A9C21D8AD21000CADBD /* ScrollableTextField.storyboard in Resources */ = {isa = PBXBuildFile; fileRef = 655B1A9B21D8AD21000CADBD /* ScrollableTextField.storyboard */; };
		659946DC21DE62A100C5122E /* CarouselViewController.swift in Sources */ = {isa = PBXBuildFile; fileRef = 659946DB21DE62A100C5122E /* CarouselViewController.swift */; };
		659946DE21DE62DE00C5122E /* Carousel.storyboard in Resources */ = {isa = PBXBuildFile; fileRef = 659946DD21DE62DE00C5122E /* Carousel.storyboard */; };
		659946E121DE726000C5122E /* CarouselViewCell.swift in Sources */ = {isa = PBXBuildFile; fileRef = 659946E021DE726000C5122E /* CarouselViewCell.swift */; };
		659946E321DE727100C5122E /* CarouselViewCell.xib in Resources */ = {isa = PBXBuildFile; fileRef = 659946E221DE727100C5122E /* CarouselViewCell.xib */; };
		659946E621DE7A3200C5122E /* Carousel.swift in Sources */ = {isa = PBXBuildFile; fileRef = 659946E521DE7A3200C5122E /* Carousel.swift */; };
		659946E821DE7A4100C5122E /* CarouselItem.swift in Sources */ = {isa = PBXBuildFile; fileRef = 659946E721DE7A4100C5122E /* CarouselItem.swift */; };
		6599471421E64D1300C5122E /* CarouselViewFlowLayout.swift in Sources */ = {isa = PBXBuildFile; fileRef = 6599471321E64D1300C5122E /* CarouselViewFlowLayout.swift */; };
		6599471C21E7614600C5122E /* BadgeBarButtonItemViewController.swift in Sources */ = {isa = PBXBuildFile; fileRef = 6599471B21E7614600C5122E /* BadgeBarButtonItemViewController.swift */; };
		6599471E21E762D400C5122E /* BadgeBarButtonItem.storyboard in Resources */ = {isa = PBXBuildFile; fileRef = 6599471D21E762D400C5122E /* BadgeBarButtonItem.storyboard */; };
		6599472021E7651500C5122E /* BadgeBarButtonItem.swift in Sources */ = {isa = PBXBuildFile; fileRef = 6599471F21E7651500C5122E /* BadgeBarButtonItem.swift */; };
		6599472621E7825F00C5122E /* menu.png in Resources */ = {isa = PBXBuildFile; fileRef = 6599472521E7825F00C5122E /* menu.png */; };
		6599472A21E97AC800C5122E /* BadgeTableViewController.swift in Sources */ = {isa = PBXBuildFile; fileRef = 6599472921E97AC800C5122E /* BadgeTableViewController.swift */; };
		6599472C21E97B2400C5122E /* BadgeTable.storyboard in Resources */ = {isa = PBXBuildFile; fileRef = 6599472B21E97B2400C5122E /* BadgeTable.storyboard */; };
		6599472F21E97C2200C5122E /* BadgeTableViewCell.swift in Sources */ = {isa = PBXBuildFile; fileRef = 6599472E21E97C2200C5122E /* BadgeTableViewCell.swift */; };
		6599473121E97C5E00C5122E /* BadgeTableViewCell.xib in Resources */ = {isa = PBXBuildFile; fileRef = 6599473021E97C5E00C5122E /* BadgeTableViewCell.xib */; };
		6599473321E97F8600C5122E /* BadgeTableControlCell.swift in Sources */ = {isa = PBXBuildFile; fileRef = 6599473221E97F8600C5122E /* BadgeTableControlCell.swift */; };
		6599473521E97FE300C5122E /* BadgeTableControlCell.xib in Resources */ = {isa = PBXBuildFile; fileRef = 6599473421E97FE300C5122E /* BadgeTableControlCell.xib */; };
		65ED54FD21DB74C60077F33C /* RealTimeObjectTrackingViewController.swift in Sources */ = {isa = PBXBuildFile; fileRef = 65ED54FC21DB74C60077F33C /* RealTimeObjectTrackingViewController.swift */; };
		65ED54FF21DB74D70077F33C /* RealTimeObjectTracking.storyboard in Resources */ = {isa = PBXBuildFile; fileRef = 65ED54FE21DB74D70077F33C /* RealTimeObjectTracking.storyboard */; };
		65ED550221DB761E0077F33C /* MobileNet.mlmodel in Sources */ = {isa = PBXBuildFile; fileRef = 65ED550121DB761E0077F33C /* MobileNet.mlmodel */; };
		65ED550421DBA7840077F33C /* Resnet50.mlmodel in Sources */ = {isa = PBXBuildFile; fileRef = 65ED550321DBA7840077F33C /* Resnet50.mlmodel */; };
		65ED551121DBD46C0077F33C /* PagingTabMenuViewController.swift in Sources */ = {isa = PBXBuildFile; fileRef = 65ED551021DBD46C0077F33C /* PagingTabMenuViewController.swift */; };
		65ED551321DBD47E0077F33C /* PagingTabMenu.storyboard in Resources */ = {isa = PBXBuildFile; fileRef = 65ED551221DBD47E0077F33C /* PagingTabMenu.storyboard */; };
		65ED551621DBD4B70077F33C /* MenuViewController.swift in Sources */ = {isa = PBXBuildFile; fileRef = 65ED551521DBD4B70077F33C /* MenuViewController.swift */; };
		65ED551821DBD4CE0077F33C /* ContentViewController.swift in Sources */ = {isa = PBXBuildFile; fileRef = 65ED551721DBD4CE0077F33C /* ContentViewController.swift */; };
		65ED551C21DBD9390077F33C /* PagingMenuComponent.swift in Sources */ = {isa = PBXBuildFile; fileRef = 65ED551B21DBD9390077F33C /* PagingMenuComponent.swift */; };
		65ED551E21DBDAE60077F33C /* PagingMenu.swift in Sources */ = {isa = PBXBuildFile; fileRef = 65ED551D21DBDAE60077F33C /* PagingMenu.swift */; };
		65ED552121DBE4980077F33C /* MenuViewCell.swift in Sources */ = {isa = PBXBuildFile; fileRef = 65ED552021DBE4980077F33C /* MenuViewCell.swift */; };
		65ED552321DBE4AA0077F33C /* MenuViewCell.xib in Resources */ = {isa = PBXBuildFile; fileRef = 65ED552221DBE4AA0077F33C /* MenuViewCell.xib */; };
		65F73AE921D130C8005C86CD /* FacebookLoginViewController.swift in Sources */ = {isa = PBXBuildFile; fileRef = 65F73AE821D130C8005C86CD /* FacebookLoginViewController.swift */; };
		65F73AEC21D13361005C86CD /* FacebookLogin.storyboard in Resources */ = {isa = PBXBuildFile; fileRef = 65F73AEB21D13361005C86CD /* FacebookLogin.storyboard */; };
		65F73B1B21D5D203005C86CD /* WKWebViewController.swift in Sources */ = {isa = PBXBuildFile; fileRef = 65F73B1A21D5D203005C86CD /* WKWebViewController.swift */; };
		65F73B1D21D5D2E2005C86CD /* WKWebView.storyboard in Resources */ = {isa = PBXBuildFile; fileRef = 65F73B1C21D5D2E2005C86CD /* WKWebView.storyboard */; };
		65F73B2221D6B40A005C86CD /* DateConverter.swift in Sources */ = {isa = PBXBuildFile; fileRef = 65F73B2121D6B40A005C86CD /* DateConverter.swift */; };
		65F73B2421D6B467005C86CD /* DateSampleViewController.swift in Sources */ = {isa = PBXBuildFile; fileRef = 65F73B2321D6B467005C86CD /* DateSampleViewController.swift */; };
		65F73B2621D6B485005C86CD /* DateSample.storyboard in Resources */ = {isa = PBXBuildFile; fileRef = 65F73B2521D6B485005C86CD /* DateSample.storyboard */; };
		AAEE80C30235CCFEDFEBD118 /* Pods_SwiftSamples.framework in Frameworks */ = {isa = PBXBuildFile; fileRef = FCFADE24ACCC5A8AA439795A /* Pods_SwiftSamples.framework */; };
/* End PBXBuildFile section */

/* Begin PBXFileReference section */
		65136FCC21C541E20020AAA7 /* SwiftSamples.app */ = {isa = PBXFileReference; explicitFileType = wrapper.application; includeInIndex = 0; path = SwiftSamples.app; sourceTree = BUILT_PRODUCTS_DIR; };
		65136FCF21C541E20020AAA7 /* AppDelegate.swift */ = {isa = PBXFileReference; lastKnownFileType = sourcecode.swift; path = AppDelegate.swift; sourceTree = "<group>"; };
		65136FD121C541E20020AAA7 /* TopViewController.swift */ = {isa = PBXFileReference; lastKnownFileType = sourcecode.swift; path = TopViewController.swift; sourceTree = "<group>"; };
		65136FD421C541E20020AAA7 /* Base */ = {isa = PBXFileReference; lastKnownFileType = file.storyboard; name = Base; path = Base.lproj/Top.storyboard; sourceTree = "<group>"; };
		65136FD621C541E40020AAA7 /* Assets.xcassets */ = {isa = PBXFileReference; lastKnownFileType = folder.assetcatalog; path = Assets.xcassets; sourceTree = "<group>"; };
		65136FD921C541E40020AAA7 /* Base */ = {isa = PBXFileReference; lastKnownFileType = file.storyboard; name = Base; path = Base.lproj/LaunchScreen.storyboard; sourceTree = "<group>"; };
		65136FDB21C541E40020AAA7 /* Info.plist */ = {isa = PBXFileReference; lastKnownFileType = text.plist.xml; path = Info.plist; sourceTree = "<group>"; };
		65136FE721C543AF0020AAA7 /* Top.swift */ = {isa = PBXFileReference; lastKnownFileType = sourcecode.swift; path = Top.swift; sourceTree = "<group>"; };
		65136FEC21CA95240020AAA7 /* SegmentedControlViewController.swift */ = {isa = PBXFileReference; lastKnownFileType = sourcecode.swift; path = SegmentedControlViewController.swift; sourceTree = "<group>"; };
		65136FEE21CA968C0020AAA7 /* SegmentedControl.storyboard */ = {isa = PBXFileReference; lastKnownFileType = file.storyboard; path = SegmentedControl.storyboard; sourceTree = "<group>"; };
		655B1A8D21D7D3A1000CADBD /* PickerTextFieldViewController.swift */ = {isa = PBXFileReference; lastKnownFileType = sourcecode.swift; path = PickerTextFieldViewController.swift; sourceTree = "<group>"; };
		655B1A8F21D7D3F1000CADBD /* PickerTextField.storyboard */ = {isa = PBXFileReference; lastKnownFileType = file.storyboard; path = PickerTextField.storyboard; sourceTree = "<group>"; };
		655B1A9521D7DA3B000CADBD /* BirthMonth.swift */ = {isa = PBXFileReference; lastKnownFileType = sourcecode.swift; path = BirthMonth.swift; sourceTree = "<group>"; };
		655B1A9921D8ACD8000CADBD /* ScrollableTextField.swift */ = {isa = PBXFileReference; lastKnownFileType = sourcecode.swift; path = ScrollableTextField.swift; sourceTree = "<group>"; };
		655B1A9B21D8AD21000CADBD /* ScrollableTextField.storyboard */ = {isa = PBXFileReference; lastKnownFileType = file.storyboard; path = ScrollableTextField.storyboard; sourceTree = "<group>"; };
		659946DB21DE62A100C5122E /* CarouselViewController.swift */ = {isa = PBXFileReference; lastKnownFileType = sourcecode.swift; path = CarouselViewController.swift; sourceTree = "<group>"; };
		659946DD21DE62DE00C5122E /* Carousel.storyboard */ = {isa = PBXFileReference; lastKnownFileType = file.storyboard; path = Carousel.storyboard; sourceTree = "<group>"; };
		659946E021DE726000C5122E /* CarouselViewCell.swift */ = {isa = PBXFileReference; lastKnownFileType = sourcecode.swift; path = CarouselViewCell.swift; sourceTree = "<group>"; };
		659946E221DE727100C5122E /* CarouselViewCell.xib */ = {isa = PBXFileReference; lastKnownFileType = file.xib; path = CarouselViewCell.xib; sourceTree = "<group>"; };
		659946E521DE7A3200C5122E /* Carousel.swift */ = {isa = PBXFileReference; lastKnownFileType = sourcecode.swift; path = Carousel.swift; sourceTree = "<group>"; };
		659946E721DE7A4100C5122E /* CarouselItem.swift */ = {isa = PBXFileReference; lastKnownFileType = sourcecode.swift; path = CarouselItem.swift; sourceTree = "<group>"; };
		6599471321E64D1300C5122E /* CarouselViewFlowLayout.swift */ = {isa = PBXFileReference; lastKnownFileType = sourcecode.swift; path = CarouselViewFlowLayout.swift; sourceTree = "<group>"; };
		6599471B21E7614600C5122E /* BadgeBarButtonItemViewController.swift */ = {isa = PBXFileReference; lastKnownFileType = sourcecode.swift; path = BadgeBarButtonItemViewController.swift; sourceTree = "<group>"; };
		6599471D21E762D400C5122E /* BadgeBarButtonItem.storyboard */ = {isa = PBXFileReference; lastKnownFileType = file.storyboard; path = BadgeBarButtonItem.storyboard; sourceTree = "<group>"; };
		6599471F21E7651500C5122E /* BadgeBarButtonItem.swift */ = {isa = PBXFileReference; lastKnownFileType = sourcecode.swift; path = BadgeBarButtonItem.swift; sourceTree = "<group>"; };
		6599472521E7825F00C5122E /* menu.png */ = {isa = PBXFileReference; lastKnownFileType = image.png; path = menu.png; sourceTree = "<group>"; };
		6599472921E97AC800C5122E /* BadgeTableViewController.swift */ = {isa = PBXFileReference; lastKnownFileType = sourcecode.swift; path = BadgeTableViewController.swift; sourceTree = "<group>"; };
		6599472B21E97B2400C5122E /* BadgeTable.storyboard */ = {isa = PBXFileReference; lastKnownFileType = file.storyboard; path = BadgeTable.storyboard; sourceTree = "<group>"; };
		6599472E21E97C2200C5122E /* BadgeTableViewCell.swift */ = {isa = PBXFileReference; lastKnownFileType = sourcecode.swift; path = BadgeTableViewCell.swift; sourceTree = "<group>"; };
		6599473021E97C5E00C5122E /* BadgeTableViewCell.xib */ = {isa = PBXFileReference; lastKnownFileType = file.xib; path = BadgeTableViewCell.xib; sourceTree = "<group>"; };
		6599473221E97F8600C5122E /* BadgeTableControlCell.swift */ = {isa = PBXFileReference; lastKnownFileType = sourcecode.swift; path = BadgeTableControlCell.swift; sourceTree = "<group>"; };
		6599473421E97FE300C5122E /* BadgeTableControlCell.xib */ = {isa = PBXFileReference; lastKnownFileType = file.xib; path = BadgeTableControlCell.xib; sourceTree = "<group>"; };
		65ED54FC21DB74C60077F33C /* RealTimeObjectTrackingViewController.swift */ = {isa = PBXFileReference; lastKnownFileType = sourcecode.swift; path = RealTimeObjectTrackingViewController.swift; sourceTree = "<group>"; };
		65ED54FE21DB74D70077F33C /* RealTimeObjectTracking.storyboard */ = {isa = PBXFileReference; lastKnownFileType = file.storyboard; path = RealTimeObjectTracking.storyboard; sourceTree = "<group>"; };
		65ED550121DB761E0077F33C /* MobileNet.mlmodel */ = {isa = PBXFileReference; lastKnownFileType = file.mlmodel; path = MobileNet.mlmodel; sourceTree = "<group>"; };
		65ED550321DBA7840077F33C /* Resnet50.mlmodel */ = {isa = PBXFileReference; lastKnownFileType = file.mlmodel; path = Resnet50.mlmodel; sourceTree = "<group>"; };
		65ED551021DBD46C0077F33C /* PagingTabMenuViewController.swift */ = {isa = PBXFileReference; lastKnownFileType = sourcecode.swift; path = PagingTabMenuViewController.swift; sourceTree = "<group>"; };
		65ED551221DBD47E0077F33C /* PagingTabMenu.storyboard */ = {isa = PBXFileReference; lastKnownFileType = file.storyboard; path = PagingTabMenu.storyboard; sourceTree = "<group>"; };
		65ED551521DBD4B70077F33C /* MenuViewController.swift */ = {isa = PBXFileReference; lastKnownFileType = sourcecode.swift; path = MenuViewController.swift; sourceTree = "<group>"; };
		65ED551721DBD4CE0077F33C /* ContentViewController.swift */ = {isa = PBXFileReference; lastKnownFileType = sourcecode.swift; path = ContentViewController.swift; sourceTree = "<group>"; };
		65ED551B21DBD9390077F33C /* PagingMenuComponent.swift */ = {isa = PBXFileReference; lastKnownFileType = sourcecode.swift; path = PagingMenuComponent.swift; sourceTree = "<group>"; };
		65ED551D21DBDAE60077F33C /* PagingMenu.swift */ = {isa = PBXFileReference; lastKnownFileType = sourcecode.swift; path = PagingMenu.swift; sourceTree = "<group>"; };
		65ED552021DBE4980077F33C /* MenuViewCell.swift */ = {isa = PBXFileReference; lastKnownFileType = sourcecode.swift; path = MenuViewCell.swift; sourceTree = "<group>"; };
		65ED552221DBE4AA0077F33C /* MenuViewCell.xib */ = {isa = PBXFileReference; lastKnownFileType = file.xib; path = MenuViewCell.xib; sourceTree = "<group>"; };
		65F73AE121D12CD6005C86CD /* FBSDKCoreKit.framework */ = {isa = PBXFileReference; lastKnownFileType = wrapper.framework; name = FBSDKCoreKit.framework; path = "SDK/FacebookSDKs-iOS-4/FBSDKCoreKit.framework"; sourceTree = "<group>"; };
		65F73AE221D12CD6005C86CD /* FBSDKLoginKit.framework */ = {isa = PBXFileReference; lastKnownFileType = wrapper.framework; name = FBSDKLoginKit.framework; path = "SDK/FacebookSDKs-iOS-4/FBSDKLoginKit.framework"; sourceTree = "<group>"; };
		65F73AE821D130C8005C86CD /* FacebookLoginViewController.swift */ = {isa = PBXFileReference; lastKnownFileType = sourcecode.swift; path = FacebookLoginViewController.swift; sourceTree = "<group>"; };
		65F73AEA21D131C6005C86CD /* SwiftSamples.entitlements */ = {isa = PBXFileReference; lastKnownFileType = text.plist.entitlements; path = SwiftSamples.entitlements; sourceTree = "<group>"; };
		65F73AEB21D13361005C86CD /* FacebookLogin.storyboard */ = {isa = PBXFileReference; lastKnownFileType = file.storyboard; path = FacebookLogin.storyboard; sourceTree = "<group>"; };
		65F73B1A21D5D203005C86CD /* WKWebViewController.swift */ = {isa = PBXFileReference; lastKnownFileType = sourcecode.swift; path = WKWebViewController.swift; sourceTree = "<group>"; };
		65F73B1C21D5D2E2005C86CD /* WKWebView.storyboard */ = {isa = PBXFileReference; lastKnownFileType = file.storyboard; path = WKWebView.storyboard; sourceTree = "<group>"; };
		65F73B2121D6B40A005C86CD /* DateConverter.swift */ = {isa = PBXFileReference; lastKnownFileType = sourcecode.swift; path = DateConverter.swift; sourceTree = "<group>"; };
		65F73B2321D6B467005C86CD /* DateSampleViewController.swift */ = {isa = PBXFileReference; lastKnownFileType = sourcecode.swift; path = DateSampleViewController.swift; sourceTree = "<group>"; };
		65F73B2521D6B485005C86CD /* DateSample.storyboard */ = {isa = PBXFileReference; lastKnownFileType = file.storyboard; path = DateSample.storyboard; sourceTree = "<group>"; };
		7E2900524D657F4D11ABD069 /* Pods-SwiftSamples.debug.xcconfig */ = {isa = PBXFileReference; includeInIndex = 1; lastKnownFileType = text.xcconfig; name = "Pods-SwiftSamples.debug.xcconfig"; path = "Pods/Target Support Files/Pods-SwiftSamples/Pods-SwiftSamples.debug.xcconfig"; sourceTree = "<group>"; };
		BD29DE3CC10A7C11B5F18448 /* Pods-SwiftSamples.release.xcconfig */ = {isa = PBXFileReference; includeInIndex = 1; lastKnownFileType = text.xcconfig; name = "Pods-SwiftSamples.release.xcconfig"; path = "Pods/Target Support Files/Pods-SwiftSamples/Pods-SwiftSamples.release.xcconfig"; sourceTree = "<group>"; };
		FCFADE24ACCC5A8AA439795A /* Pods_SwiftSamples.framework */ = {isa = PBXFileReference; explicitFileType = wrapper.framework; includeInIndex = 0; path = Pods_SwiftSamples.framework; sourceTree = BUILT_PRODUCTS_DIR; };
/* End PBXFileReference section */

/* Begin PBXFrameworksBuildPhase section */
		65136FC921C541E20020AAA7 /* Frameworks */ = {
			isa = PBXFrameworksBuildPhase;
			buildActionMask = 2147483647;
			files = (
				AAEE80C30235CCFEDFEBD118 /* Pods_SwiftSamples.framework in Frameworks */,
			);
			runOnlyForDeploymentPostprocessing = 0;
		};
/* End PBXFrameworksBuildPhase section */

/* Begin PBXGroup section */
		65136FC321C541E20020AAA7 = {
			isa = PBXGroup;
			children = (
				65136FCE21C541E20020AAA7 /* SwiftSamples */,
				65136FCD21C541E20020AAA7 /* Products */,
				65F73AE021D12CD6005C86CD /* Frameworks */,
				9FC3852C98657C0BF4F9BDA8 /* Pods */,
			);
			sourceTree = "<group>";
		};
		65136FCD21C541E20020AAA7 /* Products */ = {
			isa = PBXGroup;
			children = (
				65136FCC21C541E20020AAA7 /* SwiftSamples.app */,
			);
			name = Products;
			sourceTree = "<group>";
		};
		65136FCE21C541E20020AAA7 /* SwiftSamples */ = {
			isa = PBXGroup;
			children = (
				65F73AEA21D131C6005C86CD /* SwiftSamples.entitlements */,
				65136FDB21C541E40020AAA7 /* Info.plist */,
				65136FCF21C541E20020AAA7 /* AppDelegate.swift */,
				65136FD621C541E40020AAA7 /* Assets.xcassets */,
				65ED550C21DBD2140077F33C /* Advanced */,
				6599471621E75F8800C5122E /* Badge */,
				655B1A8721D7C52B000CADBD /* Basic */,
				65136FD821C541E40020AAA7 /* LaunchScreen.storyboard */,
				6599472121E77ACF00C5122E /* Resources */,
				65136FE921CA947B0020AAA7 /* Top */,
			);
			path = SwiftSamples;
			sourceTree = "<group>";
		};
		65136FE121C5428B0020AAA7 /* ViewControllers */ = {
			isa = PBXGroup;
			children = (
				65136FD121C541E20020AAA7 /* TopViewController.swift */,
				65136FD321C541E20020AAA7 /* Top.storyboard */,
			);
			path = ViewControllers;
			sourceTree = "<group>";
		};
		65136FE421C542C30020AAA7 /* Models */ = {
			isa = PBXGroup;
			children = (
				65136FE721C543AF0020AAA7 /* Top.swift */,
			);
			path = Models;
			sourceTree = "<group>";
		};
		65136FE921CA947B0020AAA7 /* Top */ = {
			isa = PBXGroup;
			children = (
				65136FE421C542C30020AAA7 /* Models */,
				65136FE121C5428B0020AAA7 /* ViewControllers */,
			);
			path = Top;
			sourceTree = "<group>";
		};
		65136FEA21CA94CA0020AAA7 /* SegmentedControl */ = {
			isa = PBXGroup;
			children = (
				65136FEB21CA95000020AAA7 /* ViewControllers */,
			);
			path = SegmentedControl;
			sourceTree = "<group>";
		};
		65136FEB21CA95000020AAA7 /* ViewControllers */ = {
			isa = PBXGroup;
			children = (
				65136FEC21CA95240020AAA7 /* SegmentedControlViewController.swift */,
				65136FEE21CA968C0020AAA7 /* SegmentedControl.storyboard */,
			);
			path = ViewControllers;
			sourceTree = "<group>";
		};
		655B1A8721D7C52B000CADBD /* Basic */ = {
			isa = PBXGroup;
			children = (
				65F73B1E21D6B3AB005C86CD /* DateToString */,
				65F73AE721D130A9005C86CD /* FacebookLogin */,
				655B1A8B21D7D338000CADBD /* PickerTextField */,
				65ED54FA21DB748D0077F33C /* RealTimeObjectTracking */,
				655B1A9721D8AC78000CADBD /* ScrollableTextField */,
				65136FEA21CA94CA0020AAA7 /* SegmentedControl */,
				65F73B1821D5D19E005C86CD /* WKWebView */,
			);
			path = Basic;
			sourceTree = "<group>";
		};
		655B1A8B21D7D338000CADBD /* PickerTextField */ = {
			isa = PBXGroup;
			children = (
				655B1A9421D7DA1F000CADBD /* Models */,
				655B1A8C21D7D34C000CADBD /* ViewControllers */,
			);
			path = PickerTextField;
			sourceTree = "<group>";
		};
		655B1A8C21D7D34C000CADBD /* ViewControllers */ = {
			isa = PBXGroup;
			children = (
				655B1A8D21D7D3A1000CADBD /* PickerTextFieldViewController.swift */,
				655B1A8F21D7D3F1000CADBD /* PickerTextField.storyboard */,
			);
			path = ViewControllers;
			sourceTree = "<group>";
		};
		655B1A9421D7DA1F000CADBD /* Models */ = {
			isa = PBXGroup;
			children = (
				655B1A9521D7DA3B000CADBD /* BirthMonth.swift */,
			);
			path = Models;
			sourceTree = "<group>";
		};
		655B1A9721D8AC78000CADBD /* ScrollableTextField */ = {
			isa = PBXGroup;
			children = (
				655B1A9821D8AC96000CADBD /* ViewControllers */,
			);
			path = ScrollableTextField;
			sourceTree = "<group>";
		};
		655B1A9821D8AC96000CADBD /* ViewControllers */ = {
			isa = PBXGroup;
			children = (
				655B1A9921D8ACD8000CADBD /* ScrollableTextField.swift */,
				655B1A9B21D8AD21000CADBD /* ScrollableTextField.storyboard */,
			);
			path = ViewControllers;
			sourceTree = "<group>";
		};
		659946D921DE624900C5122E /* Carousel */ = {
			isa = PBXGroup;
			children = (
				659946E421DE7A2100C5122E /* Models */,
				659946DF21DE723900C5122E /* Views */,
				659946DA21DE625500C5122E /* ViewControllers */,
			);
			path = Carousel;
			sourceTree = "<group>";
		};
		659946DA21DE625500C5122E /* ViewControllers */ = {
			isa = PBXGroup;
			children = (
				659946DB21DE62A100C5122E /* CarouselViewController.swift */,
				659946DD21DE62DE00C5122E /* Carousel.storyboard */,
			);
			path = ViewControllers;
			sourceTree = "<group>";
		};
		659946DF21DE723900C5122E /* Views */ = {
			isa = PBXGroup;
			children = (
				659946E021DE726000C5122E /* CarouselViewCell.swift */,
				659946E221DE727100C5122E /* CarouselViewCell.xib */,
			);
			path = Views;
			sourceTree = "<group>";
		};
		659946E421DE7A2100C5122E /* Models */ = {
			isa = PBXGroup;
			children = (
				659946E521DE7A3200C5122E /* Carousel.swift */,
				659946E721DE7A4100C5122E /* CarouselItem.swift */,
				6599471321E64D1300C5122E /* CarouselViewFlowLayout.swift */,
			);
			path = Models;
			sourceTree = "<group>";
		};
		6599471621E75F8800C5122E /* Badge */ = {
			isa = PBXGroup;
			children = (
				6599472721E97A8600C5122E /* TableViewCell */,
				6599471721E75FB900C5122E /* BarButtonItem */,
			);
			path = Badge;
			sourceTree = "<group>";
		};
		6599471721E75FB900C5122E /* BarButtonItem */ = {
			isa = PBXGroup;
			children = (
				6599471A21E7610E00C5122E /* CustomUIParts */,
				6599471821E75FDE00C5122E /* ViewControllers */,
			);
			path = BarButtonItem;
			sourceTree = "<group>";
		};
		6599471821E75FDE00C5122E /* ViewControllers */ = {
			isa = PBXGroup;
			children = (
				6599471D21E762D400C5122E /* BadgeBarButtonItem.storyboard */,
				6599471B21E7614600C5122E /* BadgeBarButtonItemViewController.swift */,
			);
			path = ViewControllers;
			sourceTree = "<group>";
		};
		6599471A21E7610E00C5122E /* CustomUIParts */ = {
			isa = PBXGroup;
			children = (
				6599471F21E7651500C5122E /* BadgeBarButtonItem.swift */,
			);
			path = CustomUIParts;
			sourceTree = "<group>";
		};
		6599472121E77ACF00C5122E /* Resources */ = {
			isa = PBXGroup;
			children = (
				6599472221E77ADA00C5122E /* images */,
			);
			path = Resources;
			sourceTree = "<group>";
		};
		6599472221E77ADA00C5122E /* images */ = {
			isa = PBXGroup;
			children = (
				6599472521E7825F00C5122E /* menu.png */,
			);
			path = images;
			sourceTree = "<group>";
		};
		6599472721E97A8600C5122E /* TableViewCell */ = {
			isa = PBXGroup;
			children = (
				6599472821E97AA300C5122E /* ViewControllers */,
				6599472D21E97BBE00C5122E /* Views */,
			);
			path = TableViewCell;
			sourceTree = "<group>";
		};
		6599472821E97AA300C5122E /* ViewControllers */ = {
			isa = PBXGroup;
			children = (
				6599472B21E97B2400C5122E /* BadgeTable.storyboard */,
				6599472921E97AC800C5122E /* BadgeTableViewController.swift */,
			);
			path = ViewControllers;
			sourceTree = "<group>";
		};
		6599472D21E97BBE00C5122E /* Views */ = {
			isa = PBXGroup;
			children = (
				6599473221E97F8600C5122E /* BadgeTableControlCell.swift */,
				6599473421E97FE300C5122E /* BadgeTableControlCell.xib */,
				6599472E21E97C2200C5122E /* BadgeTableViewCell.swift */,
				6599473021E97C5E00C5122E /* BadgeTableViewCell.xib */,
			);
			path = Views;
			sourceTree = "<group>";
		};
		65ED54FA21DB748D0077F33C /* RealTimeObjectTracking */ = {
			isa = PBXGroup;
			children = (
				65ED550021DB76080077F33C /* MLModels */,
				65ED54FB21DB749F0077F33C /* ViewControllers */,
			);
			path = RealTimeObjectTracking;
			sourceTree = "<group>";
		};
		65ED54FB21DB749F0077F33C /* ViewControllers */ = {
			isa = PBXGroup;
			children = (
				65ED54FC21DB74C60077F33C /* RealTimeObjectTrackingViewController.swift */,
				65ED54FE21DB74D70077F33C /* RealTimeObjectTracking.storyboard */,
			);
			path = ViewControllers;
			sourceTree = "<group>";
		};
		65ED550021DB76080077F33C /* MLModels */ = {
			isa = PBXGroup;
			children = (
				65ED550321DBA7840077F33C /* Resnet50.mlmodel */,
				65ED550121DB761E0077F33C /* MobileNet.mlmodel */,
			);
			path = MLModels;
			sourceTree = "<group>";
		};
		65ED550C21DBD2140077F33C /* Advanced */ = {
			isa = PBXGroup;
			children = (
				659946D921DE624900C5122E /* Carousel */,
				65ED550D21DBD21E0077F33C /* PagingTabMenu */,
			);
			path = Advanced;
			sourceTree = "<group>";
		};
		65ED550D21DBD21E0077F33C /* PagingTabMenu */ = {
			isa = PBXGroup;
			children = (
				65ED551A21DBD8C10077F33C /* Models */,
				65ED551921DBD8B50077F33C /* Views */,
				65ED550E21DBD23B0077F33C /* ViewControllers */,
			);
			path = PagingTabMenu;
			sourceTree = "<group>";
		};
		65ED550E21DBD23B0077F33C /* ViewControllers */ = {
			isa = PBXGroup;
			children = (
				65ED551721DBD4CE0077F33C /* ContentViewController.swift */,
				65ED551521DBD4B70077F33C /* MenuViewController.swift */,
				65ED551221DBD47E0077F33C /* PagingTabMenu.storyboard */,
				65ED551021DBD46C0077F33C /* PagingTabMenuViewController.swift */,
			);
			path = ViewControllers;
			sourceTree = "<group>";
		};
		65ED551921DBD8B50077F33C /* Views */ = {
			isa = PBXGroup;
			children = (
				65ED551F21DBE4810077F33C /* MenuViewCell */,
			);
			path = Views;
			sourceTree = "<group>";
		};
		65ED551A21DBD8C10077F33C /* Models */ = {
			isa = PBXGroup;
			children = (
				65ED551B21DBD9390077F33C /* PagingMenuComponent.swift */,
				65ED551D21DBDAE60077F33C /* PagingMenu.swift */,
			);
			path = Models;
			sourceTree = "<group>";
		};
		65ED551F21DBE4810077F33C /* MenuViewCell */ = {
			isa = PBXGroup;
			children = (
				65ED552021DBE4980077F33C /* MenuViewCell.swift */,
				65ED552221DBE4AA0077F33C /* MenuViewCell.xib */,
			);
			path = MenuViewCell;
			sourceTree = "<group>";
		};
		65F73AE021D12CD6005C86CD /* Frameworks */ = {
			isa = PBXGroup;
			children = (
				65F73AE121D12CD6005C86CD /* FBSDKCoreKit.framework */,
				65F73AE221D12CD6005C86CD /* FBSDKLoginKit.framework */,
				FCFADE24ACCC5A8AA439795A /* Pods_SwiftSamples.framework */,
			);
			name = Frameworks;
			sourceTree = "<group>";
		};
		65F73AE721D130A9005C86CD /* FacebookLogin */ = {
			isa = PBXGroup;
			children = (
				65F73AED21D133A0005C86CD /* ViewControllers */,
			);
			path = FacebookLogin;
			sourceTree = "<group>";
		};
		65F73AED21D133A0005C86CD /* ViewControllers */ = {
			isa = PBXGroup;
			children = (
				65F73AE821D130C8005C86CD /* FacebookLoginViewController.swift */,
				65F73AEB21D13361005C86CD /* FacebookLogin.storyboard */,
			);
			path = ViewControllers;
			sourceTree = "<group>";
		};
		65F73B1821D5D19E005C86CD /* WKWebView */ = {
			isa = PBXGroup;
			children = (
				65F73B1921D5D1C4005C86CD /* ViewControllers */,
			);
			path = WKWebView;
			sourceTree = "<group>";
		};
		65F73B1921D5D1C4005C86CD /* ViewControllers */ = {
			isa = PBXGroup;
			children = (
				65F73B1A21D5D203005C86CD /* WKWebViewController.swift */,
				65F73B1C21D5D2E2005C86CD /* WKWebView.storyboard */,
			);
			path = ViewControllers;
			sourceTree = "<group>";
		};
		65F73B1E21D6B3AB005C86CD /* DateToString */ = {
			isa = PBXGroup;
			children = (
				65F73B2021D6B3D1005C86CD /* Models */,
				65F73B1F21D6B3C7005C86CD /* ViewControllers */,
			);
			path = DateToString;
			sourceTree = "<group>";
		};
		65F73B1F21D6B3C7005C86CD /* ViewControllers */ = {
			isa = PBXGroup;
			children = (
				65F73B2321D6B467005C86CD /* DateSampleViewController.swift */,
				65F73B2521D6B485005C86CD /* DateSample.storyboard */,
			);
			path = ViewControllers;
			sourceTree = "<group>";
		};
		65F73B2021D6B3D1005C86CD /* Models */ = {
			isa = PBXGroup;
			children = (
				65F73B2121D6B40A005C86CD /* DateConverter.swift */,
			);
			path = Models;
			sourceTree = "<group>";
		};
		9FC3852C98657C0BF4F9BDA8 /* Pods */ = {
			isa = PBXGroup;
			children = (
				7E2900524D657F4D11ABD069 /* Pods-SwiftSamples.debug.xcconfig */,
				BD29DE3CC10A7C11B5F18448 /* Pods-SwiftSamples.release.xcconfig */,
			);
			name = Pods;
			sourceTree = "<group>";
		};
/* End PBXGroup section */

/* Begin PBXNativeTarget section */
		65136FCB21C541E20020AAA7 /* SwiftSamples */ = {
			isa = PBXNativeTarget;
			buildConfigurationList = 65136FDE21C541E40020AAA7 /* Build configuration list for PBXNativeTarget "SwiftSamples" */;
			buildPhases = (
				91F9A286E8FE6CEDCD503565 /* [CP] Check Pods Manifest.lock */,
				65136FC821C541E20020AAA7 /* Sources */,
				65136FC921C541E20020AAA7 /* Frameworks */,
				65136FCA21C541E20020AAA7 /* Resources */,
				3FE8D8690D92A9AA68068D68 /* [CP] Embed Pods Frameworks */,
			);
			buildRules = (
			);
			dependencies = (
			);
			name = SwiftSamples;
			productName = SwiftSamples;
			productReference = 65136FCC21C541E20020AAA7 /* SwiftSamples.app */;
			productType = "com.apple.product-type.application";
		};
/* End PBXNativeTarget section */

/* Begin PBXProject section */
		65136FC421C541E20020AAA7 /* Project object */ = {
			isa = PBXProject;
			attributes = {
				LastSwiftUpdateCheck = 1010;
				LastUpgradeCheck = 1010;
				ORGANIZATIONNAME = "Tsukasa Hasegawa";
				TargetAttributes = {
					65136FCB21C541E20020AAA7 = {
						CreatedOnToolsVersion = 10.1;
						SystemCapabilities = {
							com.apple.Keychain = {
								enabled = 1;
							};
						};
					};
				};
			};
			buildConfigurationList = 65136FC721C541E20020AAA7 /* Build configuration list for PBXProject "SwiftSamples" */;
			compatibilityVersion = "Xcode 9.3";
			developmentRegion = en;
			hasScannedForEncodings = 0;
			knownRegions = (
				en,
				Base,
			);
			mainGroup = 65136FC321C541E20020AAA7;
			productRefGroup = 65136FCD21C541E20020AAA7 /* Products */;
			projectDirPath = "";
			projectRoot = "";
			targets = (
				65136FCB21C541E20020AAA7 /* SwiftSamples */,
			);
		};
/* End PBXProject section */

/* Begin PBXResourcesBuildPhase section */
		65136FCA21C541E20020AAA7 /* Resources */ = {
			isa = PBXResourcesBuildPhase;
			buildActionMask = 2147483647;
			files = (
				6599472621E7825F00C5122E /* menu.png in Resources */,
				6599472C21E97B2400C5122E /* BadgeTable.storyboard in Resources */,
				655B1A9021D7D3F1000CADBD /* PickerTextField.storyboard in Resources */,
				65ED552321DBE4AA0077F33C /* MenuViewCell.xib in Resources */,
				659946E321DE727100C5122E /* CarouselViewCell.xib in Resources */,
				65136FDA21C541E40020AAA7 /* LaunchScreen.storyboard in Resources */,
				65F73AEC21D13361005C86CD /* FacebookLogin.storyboard in Resources */,
				6599473121E97C5E00C5122E /* BadgeTableViewCell.xib in Resources */,
				65ED551321DBD47E0077F33C /* PagingTabMenu.storyboard in Resources */,
				65136FD721C541E40020AAA7 /* Assets.xcassets in Resources */,
				6599471E21E762D400C5122E /* BadgeBarButtonItem.storyboard in Resources */,
				659946DE21DE62DE00C5122E /* Carousel.storyboard in Resources */,
				65136FD521C541E20020AAA7 /* Top.storyboard in Resources */,
				655B1A9C21D8AD21000CADBD /* ScrollableTextField.storyboard in Resources */,
				65F73B2621D6B485005C86CD /* DateSample.storyboard in Resources */,
				65F73B1D21D5D2E2005C86CD /* WKWebView.storyboard in Resources */,
				65136FEF21CA968C0020AAA7 /* SegmentedControl.storyboard in Resources */,
				6599473521E97FE300C5122E /* BadgeTableControlCell.xib in Resources */,
				65ED54FF21DB74D70077F33C /* RealTimeObjectTracking.storyboard in Resources */,
			);
			runOnlyForDeploymentPostprocessing = 0;
		};
/* End PBXResourcesBuildPhase section */

/* Begin PBXShellScriptBuildPhase section */
		3FE8D8690D92A9AA68068D68 /* [CP] Embed Pods Frameworks */ = {
			isa = PBXShellScriptBuildPhase;
			buildActionMask = 2147483647;
			files = (
			);
			inputPaths = (
				"${SRCROOT}/Pods/Target Support Files/Pods-SwiftSamples/Pods-SwiftSamples-frameworks.sh",
				"${BUILT_PRODUCTS_DIR}/Bolts/Bolts.framework",
				"${BUILT_PRODUCTS_DIR}/FBSDKCoreKit/FBSDKCoreKit.framework",
				"${BUILT_PRODUCTS_DIR}/FBSDKLoginKit/FBSDKLoginKit.framework",
			);
			name = "[CP] Embed Pods Frameworks";
			outputPaths = (
				"${TARGET_BUILD_DIR}/${FRAMEWORKS_FOLDER_PATH}/Bolts.framework",
				"${TARGET_BUILD_DIR}/${FRAMEWORKS_FOLDER_PATH}/FBSDKCoreKit.framework",
				"${TARGET_BUILD_DIR}/${FRAMEWORKS_FOLDER_PATH}/FBSDKLoginKit.framework",
			);
			runOnlyForDeploymentPostprocessing = 0;
			shellPath = /bin/sh;
			shellScript = "\"${SRCROOT}/Pods/Target Support Files/Pods-SwiftSamples/Pods-SwiftSamples-frameworks.sh\"\n";
			showEnvVarsInLog = 0;
		};
		91F9A286E8FE6CEDCD503565 /* [CP] Check Pods Manifest.lock */ = {
			isa = PBXShellScriptBuildPhase;
			buildActionMask = 2147483647;
			files = (
			);
			inputPaths = (
				"${PODS_PODFILE_DIR_PATH}/Podfile.lock",
				"${PODS_ROOT}/Manifest.lock",
			);
			name = "[CP] Check Pods Manifest.lock";
			outputPaths = (
				"$(DERIVED_FILE_DIR)/Pods-SwiftSamples-checkManifestLockResult.txt",
			);
			runOnlyForDeploymentPostprocessing = 0;
			shellPath = /bin/sh;
			shellScript = "diff \"${PODS_PODFILE_DIR_PATH}/Podfile.lock\" \"${PODS_ROOT}/Manifest.lock\" > /dev/null\nif [ $? != 0 ] ; then\n    # print error to STDERR\n    echo \"error: The sandbox is not in sync with the Podfile.lock. Run 'pod install' or update your CocoaPods installation.\" >&2\n    exit 1\nfi\n# This output is used by Xcode 'outputs' to avoid re-running this script phase.\necho \"SUCCESS\" > \"${SCRIPT_OUTPUT_FILE_0}\"\n";
			showEnvVarsInLog = 0;
		};
/* End PBXShellScriptBuildPhase section */

/* Begin PBXSourcesBuildPhase section */
		65136FC821C541E20020AAA7 /* Sources */ = {
			isa = PBXSourcesBuildPhase;
			buildActionMask = 2147483647;
			files = (
				65ED550421DBA7840077F33C /* Resnet50.mlmodel in Sources */,
				659946DC21DE62A100C5122E /* CarouselViewController.swift in Sources */,
				6599472F21E97C2200C5122E /* BadgeTableViewCell.swift in Sources */,
				659946E821DE7A4100C5122E /* CarouselItem.swift in Sources */,
				65ED552121DBE4980077F33C /* MenuViewCell.swift in Sources */,
				65F73B2421D6B467005C86CD /* DateSampleViewController.swift in Sources */,
				65ED551821DBD4CE0077F33C /* ContentViewController.swift in Sources */,
				65F73B2221D6B40A005C86CD /* DateConverter.swift in Sources */,
				6599472A21E97AC800C5122E /* BadgeTableViewController.swift in Sources */,
				659946E121DE726000C5122E /* CarouselViewCell.swift in Sources */,
				6599473321E97F8600C5122E /* BadgeTableControlCell.swift in Sources */,
				65ED551E21DBDAE60077F33C /* PagingMenu.swift in Sources */,
				655B1A9621D7DA3B000CADBD /* BirthMonth.swift in Sources */,
				65136FE821C543AF0020AAA7 /* Top.swift in Sources */,
				6599471421E64D1300C5122E /* CarouselViewFlowLayout.swift in Sources */,
				65ED550221DB761E0077F33C /* MobileNet.mlmodel in Sources */,
				6599472021E7651500C5122E /* BadgeBarButtonItem.swift in Sources */,
				65F73B1B21D5D203005C86CD /* WKWebViewController.swift in Sources */,
				65ED551C21DBD9390077F33C /* PagingMenuComponent.swift in Sources */,
				65ED551621DBD4B70077F33C /* MenuViewController.swift in Sources */,
				65ED54FD21DB74C60077F33C /* RealTimeObjectTrackingViewController.swift in Sources */,
				659946E621DE7A3200C5122E /* Carousel.swift in Sources */,
				655B1A9A21D8ACD8000CADBD /* ScrollableTextField.swift in Sources */,
				65136FD221C541E20020AAA7 /* TopViewController.swift in Sources */,
				65F73AE921D130C8005C86CD /* FacebookLoginViewController.swift in Sources */,
				65ED551121DBD46C0077F33C /* PagingTabMenuViewController.swift in Sources */,
				65136FD021C541E20020AAA7 /* AppDelegate.swift in Sources */,
				65136FED21CA95240020AAA7 /* SegmentedControlViewController.swift in Sources */,
				655B1A8E21D7D3A1000CADBD /* PickerTextFieldViewController.swift in Sources */,
				6599471C21E7614600C5122E /* BadgeBarButtonItemViewController.swift in Sources */,
			);
			runOnlyForDeploymentPostprocessing = 0;
		};
/* End PBXSourcesBuildPhase section */

/* Begin PBXVariantGroup section */
		65136FD321C541E20020AAA7 /* Top.storyboard */ = {
			isa = PBXVariantGroup;
			children = (
				65136FD421C541E20020AAA7 /* Base */,
			);
			name = Top.storyboard;
			sourceTree = "<group>";
		};
		65136FD821C541E40020AAA7 /* LaunchScreen.storyboard */ = {
			isa = PBXVariantGroup;
			children = (
				65136FD921C541E40020AAA7 /* Base */,
			);
			name = LaunchScreen.storyboard;
			sourceTree = "<group>";
		};
/* End PBXVariantGroup section */

/* Begin XCBuildConfiguration section */
		65136FDC21C541E40020AAA7 /* Debug */ = {
			isa = XCBuildConfiguration;
			buildSettings = {
				ALWAYS_SEARCH_USER_PATHS = NO;
				CLANG_ANALYZER_NONNULL = YES;
				CLANG_ANALYZER_NUMBER_OBJECT_CONVERSION = YES_AGGRESSIVE;
				CLANG_CXX_LANGUAGE_STANDARD = "gnu++14";
				CLANG_CXX_LIBRARY = "libc++";
				CLANG_ENABLE_MODULES = YES;
				CLANG_ENABLE_OBJC_ARC = YES;
				CLANG_ENABLE_OBJC_WEAK = YES;
				CLANG_WARN_BLOCK_CAPTURE_AUTORELEASING = YES;
				CLANG_WARN_BOOL_CONVERSION = YES;
				CLANG_WARN_COMMA = YES;
				CLANG_WARN_CONSTANT_CONVERSION = YES;
				CLANG_WARN_DEPRECATED_OBJC_IMPLEMENTATIONS = YES;
				CLANG_WARN_DIRECT_OBJC_ISA_USAGE = YES_ERROR;
				CLANG_WARN_DOCUMENTATION_COMMENTS = YES;
				CLANG_WARN_EMPTY_BODY = YES;
				CLANG_WARN_ENUM_CONVERSION = YES;
				CLANG_WARN_INFINITE_RECURSION = YES;
				CLANG_WARN_INT_CONVERSION = YES;
				CLANG_WARN_NON_LITERAL_NULL_CONVERSION = YES;
				CLANG_WARN_OBJC_IMPLICIT_RETAIN_SELF = YES;
				CLANG_WARN_OBJC_LITERAL_CONVERSION = YES;
				CLANG_WARN_OBJC_ROOT_CLASS = YES_ERROR;
				CLANG_WARN_RANGE_LOOP_ANALYSIS = YES;
				CLANG_WARN_STRICT_PROTOTYPES = YES;
				CLANG_WARN_SUSPICIOUS_MOVE = YES;
				CLANG_WARN_UNGUARDED_AVAILABILITY = YES_AGGRESSIVE;
				CLANG_WARN_UNREACHABLE_CODE = YES;
				CLANG_WARN__DUPLICATE_METHOD_MATCH = YES;
				CODE_SIGN_IDENTITY = "iPhone Developer";
				COPY_PHASE_STRIP = NO;
				DEBUG_INFORMATION_FORMAT = dwarf;
				ENABLE_STRICT_OBJC_MSGSEND = YES;
				ENABLE_TESTABILITY = YES;
				GCC_C_LANGUAGE_STANDARD = gnu11;
				GCC_DYNAMIC_NO_PIC = NO;
				GCC_NO_COMMON_BLOCKS = YES;
				GCC_OPTIMIZATION_LEVEL = 0;
				GCC_PREPROCESSOR_DEFINITIONS = (
					"DEBUG=1",
					"$(inherited)",
				);
				GCC_WARN_64_TO_32_BIT_CONVERSION = YES;
				GCC_WARN_ABOUT_RETURN_TYPE = YES_ERROR;
				GCC_WARN_UNDECLARED_SELECTOR = YES;
				GCC_WARN_UNINITIALIZED_AUTOS = YES_AGGRESSIVE;
				GCC_WARN_UNUSED_FUNCTION = YES;
				GCC_WARN_UNUSED_VARIABLE = YES;
				IPHONEOS_DEPLOYMENT_TARGET = 12.1;
				MTL_ENABLE_DEBUG_INFO = INCLUDE_SOURCE;
				MTL_FAST_MATH = YES;
				ONLY_ACTIVE_ARCH = YES;
				SDKROOT = iphoneos;
				SWIFT_ACTIVE_COMPILATION_CONDITIONS = DEBUG;
				SWIFT_OPTIMIZATION_LEVEL = "-Onone";
			};
			name = Debug;
		};
		65136FDD21C541E40020AAA7 /* Release */ = {
			isa = XCBuildConfiguration;
			buildSettings = {
				ALWAYS_SEARCH_USER_PATHS = NO;
				CLANG_ANALYZER_NONNULL = YES;
				CLANG_ANALYZER_NUMBER_OBJECT_CONVERSION = YES_AGGRESSIVE;
				CLANG_CXX_LANGUAGE_STANDARD = "gnu++14";
				CLANG_CXX_LIBRARY = "libc++";
				CLANG_ENABLE_MODULES = YES;
				CLANG_ENABLE_OBJC_ARC = YES;
				CLANG_ENABLE_OBJC_WEAK = YES;
				CLANG_WARN_BLOCK_CAPTURE_AUTORELEASING = YES;
				CLANG_WARN_BOOL_CONVERSION = YES;
				CLANG_WARN_COMMA = YES;
				CLANG_WARN_CONSTANT_CONVERSION = YES;
				CLANG_WARN_DEPRECATED_OBJC_IMPLEMENTATIONS = YES;
				CLANG_WARN_DIRECT_OBJC_ISA_USAGE = YES_ERROR;
				CLANG_WARN_DOCUMENTATION_COMMENTS = YES;
				CLANG_WARN_EMPTY_BODY = YES;
				CLANG_WARN_ENUM_CONVERSION = YES;
				CLANG_WARN_INFINITE_RECURSION = YES;
				CLANG_WARN_INT_CONVERSION = YES;
				CLANG_WARN_NON_LITERAL_NULL_CONVERSION = YES;
				CLANG_WARN_OBJC_IMPLICIT_RETAIN_SELF = YES;
				CLANG_WARN_OBJC_LITERAL_CONVERSION = YES;
				CLANG_WARN_OBJC_ROOT_CLASS = YES_ERROR;
				CLANG_WARN_RANGE_LOOP_ANALYSIS = YES;
				CLANG_WARN_STRICT_PROTOTYPES = YES;
				CLANG_WARN_SUSPICIOUS_MOVE = YES;
				CLANG_WARN_UNGUARDED_AVAILABILITY = YES_AGGRESSIVE;
				CLANG_WARN_UNREACHABLE_CODE = YES;
				CLANG_WARN__DUPLICATE_METHOD_MATCH = YES;
				CODE_SIGN_IDENTITY = "iPhone Developer";
				COPY_PHASE_STRIP = NO;
				DEBUG_INFORMATION_FORMAT = "dwarf-with-dsym";
				ENABLE_NS_ASSERTIONS = NO;
				ENABLE_STRICT_OBJC_MSGSEND = YES;
				GCC_C_LANGUAGE_STANDARD = gnu11;
				GCC_NO_COMMON_BLOCKS = YES;
				GCC_WARN_64_TO_32_BIT_CONVERSION = YES;
				GCC_WARN_ABOUT_RETURN_TYPE = YES_ERROR;
				GCC_WARN_UNDECLARED_SELECTOR = YES;
				GCC_WARN_UNINITIALIZED_AUTOS = YES_AGGRESSIVE;
				GCC_WARN_UNUSED_FUNCTION = YES;
				GCC_WARN_UNUSED_VARIABLE = YES;
				IPHONEOS_DEPLOYMENT_TARGET = 12.1;
				MTL_ENABLE_DEBUG_INFO = NO;
				MTL_FAST_MATH = YES;
				SDKROOT = iphoneos;
				SWIFT_COMPILATION_MODE = wholemodule;
				SWIFT_OPTIMIZATION_LEVEL = "-O";
				VALIDATE_PRODUCT = YES;
			};
			name = Release;
		};
		65136FDF21C541E40020AAA7 /* Debug */ = {
			isa = XCBuildConfiguration;
			baseConfigurationReference = 7E2900524D657F4D11ABD069 /* Pods-SwiftSamples.debug.xcconfig */;
			buildSettings = {
				ASSETCATALOG_COMPILER_APPICON_NAME = AppIcon;
				CODE_SIGN_ENTITLEMENTS = SwiftSamples/SwiftSamples.entitlements;
				CODE_SIGN_STYLE = Automatic;
				DEVELOPMENT_TEAM = RCS68E6BG6;
				FRAMEWORK_SEARCH_PATHS = (
					"$(inherited)",
					"$(PROJECT_DIR)/SDK/FacebookSDKs-iOS-4",
				);
				INFOPLIST_FILE = SwiftSamples/Info.plist;
				LD_RUNPATH_SEARCH_PATHS = (
					"$(inherited)",
					"@executable_path/Frameworks",
				);
				OTHER_LDFLAGS = "";
				PRODUCT_BUNDLE_IDENTIFIER = com.tsukasa.SwiftSamples;
				PRODUCT_NAME = "$(TARGET_NAME)";
				SWIFT_VERSION = 4.2;
				TARGETED_DEVICE_FAMILY = "1,2";
			};
			name = Debug;
		};
		65136FE021C541E40020AAA7 /* Release */ = {
			isa = XCBuildConfiguration;
			baseConfigurationReference = BD29DE3CC10A7C11B5F18448 /* Pods-SwiftSamples.release.xcconfig */;
			buildSettings = {
				ASSETCATALOG_COMPILER_APPICON_NAME = AppIcon;
				CODE_SIGN_ENTITLEMENTS = SwiftSamples/SwiftSamples.entitlements;
				CODE_SIGN_STYLE = Automatic;
				DEVELOPMENT_TEAM = RCS68E6BG6;
				FRAMEWORK_SEARCH_PATHS = (
					"$(inherited)",
					"$(PROJECT_DIR)/SDK/FacebookSDKs-iOS-4",
				);
				INFOPLIST_FILE = SwiftSamples/Info.plist;
				LD_RUNPATH_SEARCH_PATHS = (
					"$(inherited)",
					"@executable_path/Frameworks",
				);
				OTHER_LDFLAGS = "";
				PRODUCT_BUNDLE_IDENTIFIER = com.tsukasa.SwiftSamples;
				PRODUCT_NAME = "$(TARGET_NAME)";
				SWIFT_VERSION = 4.2;
				TARGETED_DEVICE_FAMILY = "1,2";
			};
			name = Release;
		};
/* End XCBuildConfiguration section */

/* Begin XCConfigurationList section */
		65136FC721C541E20020AAA7 /* Build configuration list for PBXProject "SwiftSamples" */ = {
			isa = XCConfigurationList;
			buildConfigurations = (
				65136FDC21C541E40020AAA7 /* Debug */,
				65136FDD21C541E40020AAA7 /* Release */,
			);
			defaultConfigurationIsVisible = 0;
			defaultConfigurationName = Release;
		};
		65136FDE21C541E40020AAA7 /* Build configuration list for PBXNativeTarget "SwiftSamples" */ = {
			isa = XCConfigurationList;
			buildConfigurations = (
				65136FDF21C541E40020AAA7 /* Debug */,
				65136FE021C541E40020AAA7 /* Release */,
			);
			defaultConfigurationIsVisible = 0;
			defaultConfigurationName = Release;
		};
/* End XCConfigurationList section */
	};
	rootObject = 65136FC421C541E20020AAA7 /* Project object */;
}
